
Microsoft Visual Studio Solution File, Format Version 12.00
# Visual Studio 15
VisualStudioVersion = 15.0.27130.0
MinimumVisualStudioVersion = 10.0.40219.1
Project("{9A19103F-16F7-4668-BE54-9A1E7A4F7556}") = "Ustilz.Standard", "Ustilz.Standard\Ustilz.Standard.csproj", "{BF07B756-5331-4D8A-9245-B46A0FBEA84F}"
EndProject
Project("{FAE04EC0-301F-11D3-BF4B-00C04F79EFBC}") = "Ustilz.Test", "Ustilz.Test\Ustilz.Test.csproj", "{9E97EA5B-B23D-49B8-A826-E21685B737EF}"
EndProject
Global
	GlobalSection(SolutionConfigurationPlatforms) = preSolution
		Debug|Any CPU = Debug|Any CPU
		Release|Any CPU = Release|Any CPU
	EndGlobalSection
	GlobalSection(ProjectConfigurationPlatforms) = postSolution
		{BF07B756-5331-4D8A-9245-B46A0FBEA84F}.Debug|Any CPU.ActiveCfg = Debug|Any CPU
		{BF07B756-5331-4D8A-9245-B46A0FBEA84F}.Debug|Any CPU.Build.0 = Debug|Any CPU
		{BF07B756-5331-4D8A-9245-B46A0FBEA84F}.Release|Any CPU.ActiveCfg = Release|Any CPU
		{BF07B756-5331-4D8A-9245-B46A0FBEA84F}.Release|Any CPU.Build.0 = Release|Any CPU
		{9E97EA5B-B23D-49B8-A826-E21685B737EF}.Debug|Any CPU.ActiveCfg = Debug|Any CPU
		{9E97EA5B-B23D-49B8-A826-E21685B737EF}.Debug|Any CPU.Build.0 = Debug|Any CPU
		{9E97EA5B-B23D-49B8-A826-E21685B737EF}.Release|Any CPU.ActiveCfg = Release|Any CPU
		{9E97EA5B-B23D-49B8-A826-E21685B737EF}.Release|Any CPU.Build.0 = Release|Any CPU
	EndGlobalSection
	GlobalSection(SolutionProperties) = preSolution
		HideSolutionNode = FALSE
	EndGlobalSection
	GlobalSection(ExtensibilityGlobals) = postSolution
		SolutionGuid = {36107DC6-4F59-40D1-8C7A-E9E8D69268D2}
	EndGlobalSection
EndGlobal
